
Microsoft Visual Studio Solution File, Format Version 12.00
# Visual Studio 15
VisualStudioVersion = 15.0.28010.2016
MinimumVisualStudioVersion = 10.0.40219.1
Project("{FAE04EC0-301F-11D3-BF4B-00C04F79EFBC}") = "LGCallRecorder", "LGCallRecorder\LGCallRecorder.csproj", "{1C450408-D6F9-498F-A58E-C125FDB0523A}"
EndProject
Project("{54435603-DBB4-11D2-8724-00A0C9A8B90C}") = "LGCallRecorderSetup", "LGCallRecorderSetup\LGCallRecorderSetup.vdproj", "{23573F03-ED26-4A8E-9578-B7A95AFB59FC}"
EndProject
Global
	GlobalSection(SolutionConfigurationPlatforms) = preSolution
		Debug|Any CPU = Debug|Any CPU
		Release|Any CPU = Release|Any CPU
	EndGlobalSection
	GlobalSection(ProjectConfigurationPlatforms) = postSolution
		{1C450408-D6F9-498F-A58E-C125FDB0523A}.Debug|Any CPU.ActiveCfg = Debug|Any CPU
		{1C450408-D6F9-498F-A58E-C125FDB0523A}.Debug|Any CPU.Build.0 = Debug|Any CPU
		{1C450408-D6F9-498F-A58E-C125FDB0523A}.Release|Any CPU.ActiveCfg = Release|Any CPU
		{1C450408-D6F9-498F-A58E-C125FDB0523A}.Release|Any CPU.Build.0 = Release|Any CPU
		{23573F03-ED26-4A8E-9578-B7A95AFB59FC}.Debug|Any CPU.ActiveCfg = Debug
		{23573F03-ED26-4A8E-9578-B7A95AFB59FC}.Release|Any CPU.ActiveCfg = Release
	EndGlobalSection
	GlobalSection(SolutionProperties) = preSolution
		HideSolutionNode = FALSE
	EndGlobalSection
	GlobalSection(ExtensibilityGlobals) = postSolution
		SolutionGuid = {6FCF09DF-2517-43BC-BF52-D3995F1679CE}
	EndGlobalSection
EndGlobal
